
Microsoft Visual Studio Solution File, Format Version 12.00
# Visual Studio Version 17
VisualStudioVersion = 17.0.31903.59
MinimumVisualStudioVersion = 10.0.40219.1
Project("{2150E333-8FDC-42A3-9474-1A3956D46DE8}") = "src", "src", "{827E0CD3-B72D-47B6-A68D-7590B98EB39B}"
EndProject
Project("{FAE04EC0-301F-11D3-BF4B-00C04F79EFBC}") = "LabProject.Domain", "src\LabProject.Domain\LabProject.Domain.csproj", "{7C8FB465-A8AF-41B8-80B2-E081196E70A7}"
EndProject
Project("{FAE04EC0-301F-11D3-BF4B-00C04F79EFBC}") = "LabProject.Application", "src\LabProject.Application\LabProject.Application.csproj", "{BDC26B16-BF07-4271-AB74-69083BDBD332}"
EndProject
Project("{FAE04EC0-301F-11D3-BF4B-00C04F79EFBC}") = "LabProject.Infrastructure", "src\LabProject.Infrastructure\LabProject.Infrastructure.csproj", "{D3CD5FAB-7E36-4211-876F-440A55106F07}"
EndProject
Project("{FAE04EC0-301F-11D3-BF4B-00C04F79EFBC}") = "LabProject.WebApi", "src\LabProject.WebApi\LabProject.WebApi.csproj", "{5158D5EE-02D8-412E-9F4A-D82E10D594FD}"
EndProject
Global
	GlobalSection(SolutionConfigurationPlatforms) = preSolution
		Debug|Any CPU = Debug|Any CPU
		Debug|x64 = Debug|x64
		Debug|x86 = Debug|x86
		Release|Any CPU = Release|Any CPU
		Release|x64 = Release|x64
		Release|x86 = Release|x86
	EndGlobalSection
	GlobalSection(ProjectConfigurationPlatforms) = postSolution
		{7C8FB465-A8AF-41B8-80B2-E081196E70A7}.Debug|Any CPU.ActiveCfg = Debug|Any CPU
		{7C8FB465-A8AF-41B8-80B2-E081196E70A7}.Debug|Any CPU.Build.0 = Debug|Any CPU
		{7C8FB465-A8AF-41B8-80B2-E081196E70A7}.Debug|x64.ActiveCfg = Debug|Any CPU
		{7C8FB465-A8AF-41B8-80B2-E081196E70A7}.Debug|x64.Build.0 = Debug|Any CPU
		{7C8FB465-A8AF-41B8-80B2-E081196E70A7}.Debug|x86.ActiveCfg = Debug|Any CPU
		{7C8FB465-A8AF-41B8-80B2-E081196E70A7}.Debug|x86.Build.0 = Debug|Any CPU
		{7C8FB465-A8AF-41B8-80B2-E081196E70A7}.Release|Any CPU.ActiveCfg = Release|Any CPU
		{7C8FB465-A8AF-41B8-80B2-E081196E70A7}.Release|Any CPU.Build.0 = Release|Any CPU
		{7C8FB465-A8AF-41B8-80B2-E081196E70A7}.Release|x64.ActiveCfg = Release|Any CPU
		{7C8FB465-A8AF-41B8-80B2-E081196E70A7}.Release|x64.Build.0 = Release|Any CPU
		{7C8FB465-A8AF-41B8-80B2-E081196E70A7}.Release|x86.ActiveCfg = Release|Any CPU
		{7C8FB465-A8AF-41B8-80B2-E081196E70A7}.Release|x86.Build.0 = Release|Any CPU
		{BDC26B16-BF07-4271-AB74-69083BDBD332}.Debug|Any CPU.ActiveCfg = Debug|Any CPU
		{BDC26B16-BF07-4271-AB74-69083BDBD332}.Debug|Any CPU.Build.0 = Debug|Any CPU
		{BDC26B16-BF07-4271-AB74-69083BDBD332}.Debug|x64.ActiveCfg = Debug|Any CPU
		{BDC26B16-BF07-4271-AB74-69083BDBD332}.Debug|x64.Build.0 = Debug|Any CPU
		{BDC26B16-BF07-4271-AB74-69083BDBD332}.Debug|x86.ActiveCfg = Debug|Any CPU
		{BDC26B16-BF07-4271-AB74-69083BDBD332}.Debug|x86.Build.0 = Debug|Any CPU
		{BDC26B16-BF07-4271-AB74-69083BDBD332}.Release|Any CPU.ActiveCfg = Release|Any CPU
		{BDC26B16-BF07-4271-AB74-69083BDBD332}.Release|Any CPU.Build.0 = Release|Any CPU
		{BDC26B16-BF07-4271-AB74-69083BDBD332}.Release|x64.ActiveCfg = Release|Any CPU
		{BDC26B16-BF07-4271-AB74-69083BDBD332}.Release|x64.Build.0 = Release|Any CPU
		{BDC26B16-BF07-4271-AB74-69083BDBD332}.Release|x86.ActiveCfg = Release|Any CPU
		{BDC26B16-BF07-4271-AB74-69083BDBD332}.Release|x86.Build.0 = Release|Any CPU
		{D3CD5FAB-7E36-4211-876F-440A55106F07}.Debug|Any CPU.ActiveCfg = Debug|Any CPU
		{D3CD5FAB-7E36-4211-876F-440A55106F07}.Debug|Any CPU.Build.0 = Debug|Any CPU
		{D3CD5FAB-7E36-4211-876F-440A55106F07}.Debug|x64.ActiveCfg = Debug|Any CPU
		{D3CD5FAB-7E36-4211-876F-440A55106F07}.Debug|x64.Build.0 = Debug|Any CPU
		{D3CD5FAB-7E36-4211-876F-440A55106F07}.Debug|x86.ActiveCfg = Debug|Any CPU
		{D3CD5FAB-7E36-4211-876F-440A55106F07}.Debug|x86.Build.0 = Debug|Any CPU
		{D3CD5FAB-7E36-4211-876F-440A55106F07}.Release|Any CPU.ActiveCfg = Release|Any CPU
		{D3CD5FAB-7E36-4211-876F-440A55106F07}.Release|Any CPU.Build.0 = Release|Any CPU
		{D3CD5FAB-7E36-4211-876F-440A55106F07}.Release|x64.ActiveCfg = Release|Any CPU
		{D3CD5FAB-7E36-4211-876F-440A55106F07}.Release|x64.Build.0 = Release|Any CPU
		{D3CD5FAB-7E36-4211-876F-440A55106F07}.Release|x86.ActiveCfg = Release|Any CPU
		{D3CD5FAB-7E36-4211-876F-440A55106F07}.Release|x86.Build.0 = Release|Any CPU
		{5158D5EE-02D8-412E-9F4A-D82E10D594FD}.Debug|Any CPU.ActiveCfg = Debug|Any CPU
		{5158D5EE-02D8-412E-9F4A-D82E10D594FD}.Debug|Any CPU.Build.0 = Debug|Any CPU
		{5158D5EE-02D8-412E-9F4A-D82E10D594FD}.Debug|x64.ActiveCfg = Debug|Any CPU
		{5158D5EE-02D8-412E-9F4A-D82E10D594FD}.Debug|x64.Build.0 = Debug|Any CPU
		{5158D5EE-02D8-412E-9F4A-D82E10D594FD}.Debug|x86.ActiveCfg = Debug|Any CPU
		{5158D5EE-02D8-412E-9F4A-D82E10D594FD}.Debug|x86.Build.0 = Debug|Any CPU
		{5158D5EE-02D8-412E-9F4A-D82E10D594FD}.Release|Any CPU.ActiveCfg = Release|Any CPU
		{5158D5EE-02D8-412E-9F4A-D82E10D594FD}.Release|Any CPU.Build.0 = Release|Any CPU
		{5158D5EE-02D8-412E-9F4A-D82E10D594FD}.Release|x64.ActiveCfg = Release|Any CPU
		{5158D5EE-02D8-412E-9F4A-D82E10D594FD}.Release|x64.Build.0 = Release|Any CPU
		{5158D5EE-02D8-412E-9F4A-D82E10D594FD}.Release|x86.ActiveCfg = Release|Any CPU
		{5158D5EE-02D8-412E-9F4A-D82E10D594FD}.Release|x86.Build.0 = Release|Any CPU
	EndGlobalSection
	GlobalSection(SolutionProperties) = preSolution
		HideSolutionNode = FALSE
	EndGlobalSection
	GlobalSection(NestedProjects) = preSolution
		{7C8FB465-A8AF-41B8-80B2-E081196E70A7} = {827E0CD3-B72D-47B6-A68D-7590B98EB39B}
		{BDC26B16-BF07-4271-AB74-69083BDBD332} = {827E0CD3-B72D-47B6-A68D-7590B98EB39B}
		{D3CD5FAB-7E36-4211-876F-440A55106F07} = {827E0CD3-B72D-47B6-A68D-7590B98EB39B}
		{5158D5EE-02D8-412E-9F4A-D82E10D594FD} = {827E0CD3-B72D-47B6-A68D-7590B98EB39B}
	EndGlobalSection
EndGlobal
